<?xml version="1.0" encoding="utf-8"?>
<Project ToolsVersion="4.0" xmlns="http://schemas.microsoft.com/developer/msbuild/2003">
  <ItemGroup>
    <Filter Include="Archivos de código fuente">
      <UniqueIdentifier>{4FC737F1-C7A5-4376-A066-2A32D752A2FF}</UniqueIdentifier>
      <Extensions>cpp;c;cc;cxx;def;odl;idl;hpj;bat;asm;asmx</Extensions>
    </Filter>
    <Filter Include="Archivos de encabezado">
      <UniqueIdentifier>{93995380-89BD-4b04-88EB-625FBE52EBFB}</UniqueIdentifier>
      <Extensions>h;hpp;hxx;hm;inl;inc;xsd</Extensions>
    </Filter>
    <Filter Include="Archivos de recursos">
      <UniqueIdentifier>{67DA6AB6-F800-4c08-8B7A-83BB121AAD01}</UniqueIdentifier>
      <Extensions>rc;ico;cur;bmp;dlg;rc2;rct;bin;rgs;gif;jpg;jpeg;jpe;resx;tiff;tif;png;wav;mfcribbon-ms</Extensions>
    </Filter>
    <Filter Include="Archivos de código fuente\src">
      <UniqueIdentifier>{8acf03bd-6a25-4f05-b9d2-fe3ab0234cf7}</UniqueIdentifier>
    </Filter>
    <Filter Include="Archivos de encabezado\include">
      <UniqueIdentifier>{2aa99083-5c6b-42ea-bf48-3bd29c05797b}</UniqueIdentifier>
    </Filter>
  </ItemGroup>
  <ItemGroup>
    <ClInclude Include="myEngine_API.h">
      <Filter>Archivos de encabezado\include</Filter>
    </ClInclude>
    <ClInclude Include="Renderer.h">
      <Filter>Archivos de encabezado\include</Filter>
    </ClInclude>
    <ClInclude Include="Window.h">
      <Filter>Archivos de encabezado\include</Filter>
    </ClInclude>
    <ClInclude Include="Engine.h">
      <Filter>Archivos de encabezado\include</Filter>
    </ClInclude>
    <ClInclude Include="Game.h">
      <Filter>Archivos de encabezado\include</Filter>
    </ClInclude>
    <ClInclude Include="RenderTypes.h">
      <Filter>Archivos de encabezado\include</Filter>
    </ClInclude>
    <ClInclude Include="EMath.h">
      <Filter>Archivos de encabezado\include</Filter>
    </ClInclude>
    <ClInclude Include="Entity.h">
      <Filter>Archivos de encabezado\include</Filter>
    </ClInclude>
    <ClInclude Include="animation.h">
      <Filter>Archivos de encabezado\include</Filter>
    </ClInclude>
    <ClInclude Include="Importer.h">
      <Filter>Archivos de encabezado\include</Filter>
    </ClInclude>
    <ClInclude Include="Scene.h">
      <Filter>Archivos de encabezado\include</Filter>
    </ClInclude>
    <ClInclude Include="TinyXML\tinyxml2.h">
      <Filter>Archivos de encabezado\include</Filter>
    </ClInclude>
    <ClInclude Include="XMLParser.h">
      <Filter>Archivos de encabezado\include</Filter>
    </ClInclude>
    <ClInclude Include="Camera.h">
      <Filter>Archivos de encabezado\include</Filter>
    </ClInclude>
    <ClInclude Include="timer\Timer.h">
      <Filter>Archivos de encabezado\include</Filter>
    </ClInclude>
    <ClInclude Include="input\DirectInput.h">
      <Filter>Archivos de encabezado\include</Filter>
    </ClInclude>
    <ClInclude Include="input\Input.h">
      <Filter>Archivos de encabezado\include</Filter>
    </ClInclude>
    <ClInclude Include="Mesh.h">
      <Filter>Archivos de encabezado\include</Filter>
    </ClInclude>
    <ClInclude Include="IndexBuffer.h">
      <Filter>Archivos de encabezado\include</Filter>
    </ClInclude>
    <ClInclude Include="VertexBuffer.h">
      <Filter>Archivos de encabezado\include</Filter>
    </ClInclude>
    <ClInclude Include="Cube.h">
      <Filter>Archivos de encabezado\include</Filter>
    </ClInclude>
    <ClInclude Include="Node.h">
      <Filter>Archivos de encabezado\include</Filter>
    </ClInclude>
    <ClInclude Include="Frustum.h">
      <Filter>Archivos de encabezado\include</Filter>
    </ClInclude>
    <ClInclude Include="NodeBSP.h">
      <Filter>Archivos de encabezado\include</Filter>
    </ClInclude>
    <ClInclude Include="Bone.h">
      <Filter>Archivos de encabezado\include</Filter>
    </ClInclude>
    <ClInclude Include="resource.h">
      <Filter>Archivos de encabezado\include</Filter>
    </ClInclude>
  </ItemGroup>
  <ItemGroup>
    <ClCompile Include="Renderer.cpp">
      <Filter>Archivos de código fuente\src</Filter>
    </ClCompile>
    <ClCompile Include="Window.cpp">
      <Filter>Archivos de código fuente\src</Filter>
    </ClCompile>
    <ClCompile Include="Engine.cpp">
      <Filter>Archivos de código fuente\src</Filter>
    </ClCompile>
    <ClCompile Include="Game.cpp">
      <Filter>Archivos de código fuente\src</Filter>
    </ClCompile>
    <ClCompile Include="RenderTypes.cpp">
      <Filter>Archivos de código fuente\src</Filter>
    </ClCompile>
    <ClCompile Include="Entity.cpp">
      <Filter>Archivos de código fuente\src</Filter>
    </ClCompile>
    <ClCompile Include="animation.cpp">
      <Filter>Archivos de código fuente\src</Filter>
    </ClCompile>
    <ClCompile Include="Importer.cpp">
      <Filter>Archivos de código fuente\src</Filter>
    </ClCompile>
    <ClCompile Include="Scene.cpp">
      <Filter>Archivos de código fuente\src</Filter>
    </ClCompile>
    <ClCompile Include="TinyXML\tinyxml2.cpp">
      <Filter>Archivos de código fuente\src</Filter>
    </ClCompile>
    <ClCompile Include="XMLParser.cpp">
      <Filter>Archivos de código fuente\src</Filter>
    </ClCompile>
    <ClCompile Include="Camera.cpp">
      <Filter>Archivos de código fuente\src</Filter>
    </ClCompile>
    <ClCompile Include="timer\Timer.cpp">
      <Filter>Archivos de código fuente\src</Filter>
    </ClCompile>
    <ClCompile Include="input\DirectInput.cpp">
      <Filter>Archivos de código fuente\src</Filter>
    </ClCompile>
    <ClCompile Include="input\Input.cpp">
      <Filter>Archivos de código fuente\src</Filter>
    </ClCompile>
    <ClCompile Include="Mesh.cpp">
      <Filter>Archivos de código fuente\src</Filter>
    </ClCompile>
    <ClCompile Include="IndexBuffer.cpp">
      <Filter>Archivos de código fuente\src</Filter>
    </ClCompile>
    <ClCompile Include="VertexBuffer.cpp">
      <Filter>Archivos de código fuente\src</Filter>
    </ClCompile>
    <ClCompile Include="Cube.cpp">
      <Filter>Archivos de código fuente\src</Filter>
    </ClCompile>
    <ClCompile Include="Node.cpp">
      <Filter>Archivos de código fuente\src</Filter>
    </ClCompile>
    <ClCompile Include="Frustum.cpp">
      <Filter>Archivos de código fuente\src</Filter>
    </ClCompile>
    <ClCompile Include="Bone.cpp">
      <Filter>Archivos de código fuente\src</Filter>
    </ClCompile>
    <ClCompile Include="NodeBSP.cpp">
      <Filter>Archivos de código fuente\src</Filter>
    </ClCompile>
  </ItemGroup>
  <ItemGroup>
    <None Include="timer\Timer.inl">
      <Filter>Archivos de encabezado\include</Filter>
    </None>
    <None Include="input\Input.inl">
      <Filter>Archivos de encabezado\include</Filter>
    </None>
    <None Include="IndexBuffer.inl">
      <Filter>Archivos de encabezado\include</Filter>
    </None>
    <None Include="VertexBuffer.inl">
      <Filter>Archivos de encabezado\include</Filter>
    </None>
  </ItemGroup>
  <ItemGroup>
    <ResourceCompile Include="MyEngine1.0.rc">
      <Filter>Archivos de recursos</Filter>
    </ResourceCompile>
  </ItemGroup>
</Project>